
Microsoft Visual Studio Solution File, Format Version 12.00
# Visual Studio Version 16
VisualStudioVersion = 16.0.30114.105
MinimumVisualStudioVersion = 10.0.40219.1
Project("{FAE04EC0-301F-11D3-BF4B-00C04F79EFBC}") = "PatinesFinal", "PatinesFinal.csproj", "{A42BB6E1-A529-43E6-9452-35EF859808F6}"
EndProject
Global
	GlobalSection(SolutionConfigurationPlatforms) = preSolution
		Debug|Any CPU = Debug|Any CPU
		Release|Any CPU = Release|Any CPU
	EndGlobalSection
	GlobalSection(ProjectConfigurationPlatforms) = postSolution
		{A42BB6E1-A529-43E6-9452-35EF859808F6}.Debug|Any CPU.ActiveCfg = Debug|Any CPU
		{A42BB6E1-A529-43E6-9452-35EF859808F6}.Debug|Any CPU.Build.0 = Debug|Any CPU
		{A42BB6E1-A529-43E6-9452-35EF859808F6}.Release|Any CPU.ActiveCfg = Release|Any CPU
		{A42BB6E1-A529-43E6-9452-35EF859808F6}.Release|Any CPU.Build.0 = Release|Any CPU
	EndGlobalSection
	GlobalSection(SolutionProperties) = preSolution
		HideSolutionNode = FALSE
	EndGlobalSection
	GlobalSection(ExtensibilityGlobals) = postSolution
		SolutionGuid = {D7C27C0F-ABA6-4273-A978-A0C5BE33CBD7}
	EndGlobalSection
EndGlobal
